
Microsoft Visual Studio Solution File, Format Version 12.00
# Visual Studio Version 16
VisualStudioVersion = 16.0.31410.357
MinimumVisualStudioVersion = 10.0.40219.1
Project("{FAE04EC0-301F-11D3-BF4B-00C04F79EFBC}") = "program3", "program3\program3.csproj", "{DB75CAE0-B5AD-4294-B518-E6E343760047}"
EndProject
Global
	GlobalSection(SolutionConfigurationPlatforms) = preSolution
		Debug|Any CPU = Debug|Any CPU
		Release|Any CPU = Release|Any CPU
	EndGlobalSection
	GlobalSection(ProjectConfigurationPlatforms) = postSolution
		{DB75CAE0-B5AD-4294-B518-E6E343760047}.Debug|Any CPU.ActiveCfg = Debug|Any CPU
		{DB75CAE0-B5AD-4294-B518-E6E343760047}.Debug|Any CPU.Build.0 = Debug|Any CPU
		{DB75CAE0-B5AD-4294-B518-E6E343760047}.Release|Any CPU.ActiveCfg = Release|Any CPU
		{DB75CAE0-B5AD-4294-B518-E6E343760047}.Release|Any CPU.Build.0 = Release|Any CPU
	EndGlobalSection
	GlobalSection(SolutionProperties) = preSolution
		HideSolutionNode = FALSE
	EndGlobalSection
	GlobalSection(ExtensibilityGlobals) = postSolution
		SolutionGuid = {C9ABDB57-5E13-43EF-B9B1-E09AA1FE4979}
	EndGlobalSection
EndGlobal
